
Microsoft Visual Studio Solution File, Format Version 11.00
# Visual C# Express 2010
Project("{FAE04EC0-301F-11D3-BF4B-00C04F79EFBC}") = "One-Splash", "One-Splash\One-Splash.csproj", "{24D4AAA2-9131-4690-AA3E-EBC7A47F2AEB}"
EndProject
Global
	GlobalSection(SolutionConfigurationPlatforms) = preSolution
		Debug|x86 = Debug|x86
		Release|x86 = Release|x86
	EndGlobalSection
	GlobalSection(ProjectConfigurationPlatforms) = postSolution
		{24D4AAA2-9131-4690-AA3E-EBC7A47F2AEB}.Debug|x86.ActiveCfg = Debug|x86
		{24D4AAA2-9131-4690-AA3E-EBC7A47F2AEB}.Debug|x86.Build.0 = Debug|x86
		{24D4AAA2-9131-4690-AA3E-EBC7A47F2AEB}.Release|x86.ActiveCfg = Release|x86
		{24D4AAA2-9131-4690-AA3E-EBC7A47F2AEB}.Release|x86.Build.0 = Release|x86
	EndGlobalSection
	GlobalSection(SolutionProperties) = preSolution
		HideSolutionNode = FALSE
	EndGlobalSection
EndGlobal
